
Microsoft Visual Studio Solution File, Format Version 12.00
# Visual Studio Version 18
VisualStudioVersion = 18.3.11222.16 d18.3
MinimumVisualStudioVersion = 10.0.40219.1
Project("{8BC9CEB8-8B4A-11D0-8D11-00A0C91BC942}") = "Intro", "C\C.vcxproj", "{B190F8A7-D96D-41FD-B0D3-210DC260CF42}"
EndProject
Project("{8BC9CEB8-8B4A-11D0-8D11-00A0C91BC942}") = "2.5TwoSum", "TwoSum\TwoSum.vcxproj", "{58C29F20-5783-4538-9F9B-670B96773190}"
EndProject
Project("{8BC9CEB8-8B4A-11D0-8D11-00A0C91BC942}") = "MemoryConceptsAndAirthmetics.c", "MemoryConceptsAndAirthmetics.c\MemoryConceptsAndAirthmetics.c.vcxproj", "{215B1A04-A896-4F15-869B-A51871C4735D}"
EndProject
Project("{8BC9CEB8-8B4A-11D0-8D11-00A0C91BC942}") = "EqualityAndRelationalOperators", "EqualityAndRelationalOperators\EqualityAndRelationalOperators.vcxproj", "{32BE741A-C623-4C6E-8BD0-58CD357CA958}"
EndProject
Project("{8BC9CEB8-8B4A-11D0-8D11-00A0C91BC942}") = "Part2Exercises", "Part2Exercises\Part2Exercises.vcxproj", "{1F996C6A-E8C4-4265-AD66-70F8275F0819}"
EndProject
Project("{8BC9CEB8-8B4A-11D0-8D11-00A0C91BC942}") = "AlgorithmsAndPseudocode", "AlgorithmsAndPseudocode\AlgorithmsAndPseudocode.vcxproj", "{EEBD7AB8-6CAD-4774-B0C4-2CAE7094C284}"
EndProject
Project("{8BC9CEB8-8B4A-11D0-8D11-00A0C91BC942}") = "AssignmentOperations", "AssignmentOperations\AssignmentOperations.vcxproj", "{B122B5CB-087E-4FAB-8AA9-B19C1BD47DA8}"
EndProject
Project("{8BC9CEB8-8B4A-11D0-8D11-00A0C91BC942}") = "SecureCProgramming", "SecureCProgramming\SecureCProgramming.vcxproj", "{AAB06C04-991A-4DE0-B9DE-7DED41A75118}"
EndProject
Project("{8BC9CEB8-8B4A-11D0-8D11-00A0C91BC942}") = "Part3Exercises", "Part3Exercises\Part3Exercises.vcxproj", "{E0557289-C76D-409C-8E50-457E4B40AEA6}"
EndProject
Project("{8BC9CEB8-8B4A-11D0-8D11-00A0C91BC942}") = "CProgramControl", "CProgramControl\CProgramControl.vcxproj", "{8A788258-892F-49E4-9069-5290006DE296}"
EndProject
Global
	GlobalSection(SolutionConfigurationPlatforms) = preSolution
		Debug|x64 = Debug|x64
		Debug|x86 = Debug|x86
		Release|x64 = Release|x64
		Release|x86 = Release|x86
	EndGlobalSection
	GlobalSection(ProjectConfigurationPlatforms) = postSolution
		{B190F8A7-D96D-41FD-B0D3-210DC260CF42}.Debug|x64.ActiveCfg = Debug|x64
		{B190F8A7-D96D-41FD-B0D3-210DC260CF42}.Debug|x64.Build.0 = Debug|x64
		{B190F8A7-D96D-41FD-B0D3-210DC260CF42}.Debug|x86.ActiveCfg = Debug|Win32
		{B190F8A7-D96D-41FD-B0D3-210DC260CF42}.Debug|x86.Build.0 = Debug|Win32
		{B190F8A7-D96D-41FD-B0D3-210DC260CF42}.Release|x64.ActiveCfg = Release|x64
		{B190F8A7-D96D-41FD-B0D3-210DC260CF42}.Release|x64.Build.0 = Release|x64
		{B190F8A7-D96D-41FD-B0D3-210DC260CF42}.Release|x86.ActiveCfg = Release|Win32
		{B190F8A7-D96D-41FD-B0D3-210DC260CF42}.Release|x86.Build.0 = Release|Win32
		{58C29F20-5783-4538-9F9B-670B96773190}.Debug|x64.ActiveCfg = Debug|x64
		{58C29F20-5783-4538-9F9B-670B96773190}.Debug|x64.Build.0 = Debug|x64
		{58C29F20-5783-4538-9F9B-670B96773190}.Debug|x86.ActiveCfg = Debug|Win32
		{58C29F20-5783-4538-9F9B-670B96773190}.Debug|x86.Build.0 = Debug|Win32
		{58C29F20-5783-4538-9F9B-670B96773190}.Release|x64.ActiveCfg = Release|x64
		{58C29F20-5783-4538-9F9B-670B96773190}.Release|x64.Build.0 = Release|x64
		{58C29F20-5783-4538-9F9B-670B96773190}.Release|x86.ActiveCfg = Release|Win32
		{58C29F20-5783-4538-9F9B-670B96773190}.Release|x86.Build.0 = Release|Win32
		{215B1A04-A896-4F15-869B-A51871C4735D}.Debug|x64.ActiveCfg = Debug|x64
		{215B1A04-A896-4F15-869B-A51871C4735D}.Debug|x64.Build.0 = Debug|x64
		{215B1A04-A896-4F15-869B-A51871C4735D}.Debug|x86.ActiveCfg = Debug|Win32
		{215B1A04-A896-4F15-869B-A51871C4735D}.Debug|x86.Build.0 = Debug|Win32
		{215B1A04-A896-4F15-869B-A51871C4735D}.Release|x64.ActiveCfg = Release|x64
		{215B1A04-A896-4F15-869B-A51871C4735D}.Release|x64.Build.0 = Release|x64
		{215B1A04-A896-4F15-869B-A51871C4735D}.Release|x86.ActiveCfg = Release|Win32
		{215B1A04-A896-4F15-869B-A51871C4735D}.Release|x86.Build.0 = Release|Win32
		{32BE741A-C623-4C6E-8BD0-58CD357CA958}.Debug|x64.ActiveCfg = Debug|x64
		{32BE741A-C623-4C6E-8BD0-58CD357CA958}.Debug|x64.Build.0 = Debug|x64
		{32BE741A-C623-4C6E-8BD0-58CD357CA958}.Debug|x86.ActiveCfg = Debug|Win32
		{32BE741A-C623-4C6E-8BD0-58CD357CA958}.Debug|x86.Build.0 = Debug|Win32
		{32BE741A-C623-4C6E-8BD0-58CD357CA958}.Release|x64.ActiveCfg = Release|x64
		{32BE741A-C623-4C6E-8BD0-58CD357CA958}.Release|x64.Build.0 = Release|x64
		{32BE741A-C623-4C6E-8BD0-58CD357CA958}.Release|x86.ActiveCfg = Release|Win32
		{32BE741A-C623-4C6E-8BD0-58CD357CA958}.Release|x86.Build.0 = Release|Win32
		{1F996C6A-E8C4-4265-AD66-70F8275F0819}.Debug|x64.ActiveCfg = Debug|x64
		{1F996C6A-E8C4-4265-AD66-70F8275F0819}.Debug|x64.Build.0 = Debug|x64
		{1F996C6A-E8C4-4265-AD66-70F8275F0819}.Debug|x86.ActiveCfg = Debug|Win32
		{1F996C6A-E8C4-4265-AD66-70F8275F0819}.Debug|x86.Build.0 = Debug|Win32
		{1F996C6A-E8C4-4265-AD66-70F8275F0819}.Release|x64.ActiveCfg = Release|x64
		{1F996C6A-E8C4-4265-AD66-70F8275F0819}.Release|x64.Build.0 = Release|x64
		{1F996C6A-E8C4-4265-AD66-70F8275F0819}.Release|x86.ActiveCfg = Release|Win32
		{1F996C6A-E8C4-4265-AD66-70F8275F0819}.Release|x86.Build.0 = Release|Win32
		{EEBD7AB8-6CAD-4774-B0C4-2CAE7094C284}.Debug|x64.ActiveCfg = Debug|x64
		{EEBD7AB8-6CAD-4774-B0C4-2CAE7094C284}.Debug|x64.Build.0 = Debug|x64
		{EEBD7AB8-6CAD-4774-B0C4-2CAE7094C284}.Debug|x86.ActiveCfg = Debug|Win32
		{EEBD7AB8-6CAD-4774-B0C4-2CAE7094C284}.Debug|x86.Build.0 = Debug|Win32
		{EEBD7AB8-6CAD-4774-B0C4-2CAE7094C284}.Release|x64.ActiveCfg = Release|x64
		{EEBD7AB8-6CAD-4774-B0C4-2CAE7094C284}.Release|x64.Build.0 = Release|x64
		{EEBD7AB8-6CAD-4774-B0C4-2CAE7094C284}.Release|x86.ActiveCfg = Release|Win32
		{EEBD7AB8-6CAD-4774-B0C4-2CAE7094C284}.Release|x86.Build.0 = Release|Win32
		{B122B5CB-087E-4FAB-8AA9-B19C1BD47DA8}.Debug|x64.ActiveCfg = Debug|x64
		{B122B5CB-087E-4FAB-8AA9-B19C1BD47DA8}.Debug|x64.Build.0 = Debug|x64
		{B122B5CB-087E-4FAB-8AA9-B19C1BD47DA8}.Debug|x86.ActiveCfg = Debug|Win32
		{B122B5CB-087E-4FAB-8AA9-B19C1BD47DA8}.Debug|x86.Build.0 = Debug|Win32
		{B122B5CB-087E-4FAB-8AA9-B19C1BD47DA8}.Release|x64.ActiveCfg = Release|x64
		{B122B5CB-087E-4FAB-8AA9-B19C1BD47DA8}.Release|x64.Build.0 = Release|x64
		{B122B5CB-087E-4FAB-8AA9-B19C1BD47DA8}.Release|x86.ActiveCfg = Release|Win32
		{B122B5CB-087E-4FAB-8AA9-B19C1BD47DA8}.Release|x86.Build.0 = Release|Win32
		{AAB06C04-991A-4DE0-B9DE-7DED41A75118}.Debug|x64.ActiveCfg = Debug|x64
		{AAB06C04-991A-4DE0-B9DE-7DED41A75118}.Debug|x64.Build.0 = Debug|x64
		{AAB06C04-991A-4DE0-B9DE-7DED41A75118}.Debug|x86.ActiveCfg = Debug|Win32
		{AAB06C04-991A-4DE0-B9DE-7DED41A75118}.Debug|x86.Build.0 = Debug|Win32
		{AAB06C04-991A-4DE0-B9DE-7DED41A75118}.Release|x64.ActiveCfg = Release|x64
		{AAB06C04-991A-4DE0-B9DE-7DED41A75118}.Release|x64.Build.0 = Release|x64
		{AAB06C04-991A-4DE0-B9DE-7DED41A75118}.Release|x86.ActiveCfg = Release|Win32
		{AAB06C04-991A-4DE0-B9DE-7DED41A75118}.Release|x86.Build.0 = Release|Win32
		{E0557289-C76D-409C-8E50-457E4B40AEA6}.Debug|x64.ActiveCfg = Debug|x64
		{E0557289-C76D-409C-8E50-457E4B40AEA6}.Debug|x64.Build.0 = Debug|x64
		{E0557289-C76D-409C-8E50-457E4B40AEA6}.Debug|x86.ActiveCfg = Debug|Win32
		{E0557289-C76D-409C-8E50-457E4B40AEA6}.Debug|x86.Build.0 = Debug|Win32
		{E0557289-C76D-409C-8E50-457E4B40AEA6}.Release|x64.ActiveCfg = Release|x64
		{E0557289-C76D-409C-8E50-457E4B40AEA6}.Release|x64.Build.0 = Release|x64
		{E0557289-C76D-409C-8E50-457E4B40AEA6}.Release|x86.ActiveCfg = Release|Win32
		{E0557289-C76D-409C-8E50-457E4B40AEA6}.Release|x86.Build.0 = Release|Win32
		{8A788258-892F-49E4-9069-5290006DE296}.Debug|x64.ActiveCfg = Debug|x64
		{8A788258-892F-49E4-9069-5290006DE296}.Debug|x64.Build.0 = Debug|x64
		{8A788258-892F-49E4-9069-5290006DE296}.Debug|x86.ActiveCfg = Debug|Win32
		{8A788258-892F-49E4-9069-5290006DE296}.Debug|x86.Build.0 = Debug|Win32
		{8A788258-892F-49E4-9069-5290006DE296}.Release|x64.ActiveCfg = Release|x64
		{8A788258-892F-49E4-9069-5290006DE296}.Release|x64.Build.0 = Release|x64
		{8A788258-892F-49E4-9069-5290006DE296}.Release|x86.ActiveCfg = Release|Win32
		{8A788258-892F-49E4-9069-5290006DE296}.Release|x86.Build.0 = Release|Win32
	EndGlobalSection
	GlobalSection(SolutionProperties) = preSolution
		HideSolutionNode = FALSE
	EndGlobalSection
EndGlobal
